// !$*UTF8*$!
{
	archiveVersion = 1;
	classes = {
	};
	objectVersion = 46;
	objects = {

/* Begin PBXBuildFile section */
		B16110091D4F88B000E171B6 /* AppDelegate.swift in Sources */ = {isa = PBXBuildFile; fileRef = B16110081D4F88B000E171B6 /* AppDelegate.swift */; };
		B161100E1D4F88B000E171B6 /* Main.storyboard in Resources */ = {isa = PBXBuildFile; fileRef = B161100C1D4F88B000E171B6 /* Main.storyboard */; };
		B16110101D4F88B000E171B6 /* Assets.xcassets in Resources */ = {isa = PBXBuildFile; fileRef = B161100F1D4F88B000E171B6 /* Assets.xcassets */; };
		B16110131D4F88B000E171B6 /* LaunchScreen.storyboard in Resources */ = {isa = PBXBuildFile; fileRef = B16110111D4F88B000E171B6 /* LaunchScreen.storyboard */; };
		B161101D1D4F8B1E00E171B6 /* MapViewController.swift in Sources */ = {isa = PBXBuildFile; fileRef = B161101C1D4F8B1E00E171B6 /* MapViewController.swift */; };
		B16110201D4F8BEC00E171B6 /* UserDefaults.swift in Sources */ = {isa = PBXBuildFile; fileRef = B161101F1D4F8BEC00E171B6 /* UserDefaults.swift */; };
		B16110221D4F8C6800E171B6 /* Beach.swift in Sources */ = {isa = PBXBuildFile; fileRef = B16110211D4F8C6800E171B6 /* Beach.swift */; };
		B16110241D4F8E4C00E171B6 /* BauUtils.swift in Sources */ = {isa = PBXBuildFile; fileRef = B16110231D4F8E4C00E171B6 /* BauUtils.swift */; };
		B16110271D4F8EE000E171B6 /* NetworkHelper.swift in Sources */ = {isa = PBXBuildFile; fileRef = B16110251D4F8EE000E171B6 /* NetworkHelper.swift */; };
		B16110281D4F8EE000E171B6 /* ImageCache.swift in Sources */ = {isa = PBXBuildFile; fileRef = B16110261D4F8EE000E171B6 /* ImageCache.swift */; };
		B161102C1D4F8FA500E171B6 /* playas-gran-canaria.json in Resources */ = {isa = PBXBuildFile; fileRef = B161102B1D4F8FA500E171B6 /* playas-gran-canaria.json */; };
		B161102E1D4F8FCB00E171B6 /* BeachesNetwork.swift in Sources */ = {isa = PBXBuildFile; fileRef = B161102D1D4F8FCB00E171B6 /* BeachesNetwork.swift */; };
		B16110301D4F91C900E171B6 /* CustomAlert.swift in Sources */ = {isa = PBXBuildFile; fileRef = B161102F1D4F91C900E171B6 /* CustomAlert.swift */; };
		B1B8E7B01D524F11003C779A /* StreetMap.swift in Sources */ = {isa = PBXBuildFile; fileRef = B1B8E7AF1D524F11003C779A /* StreetMap.swift */; };
		B1B8E7B21D525007003C779A /* DetailViewController.swift in Sources */ = {isa = PBXBuildFile; fileRef = B1B8E7B11D525007003C779A /* DetailViewController.swift */; };
/* End PBXBuildFile section */

/* Begin PBXFileReference section */
		B16110051D4F88B000E171B6 /* Playas.app */ = {isa = PBXFileReference; explicitFileType = wrapper.application; includeInIndex = 0; path = Playas.app; sourceTree = BUILT_PRODUCTS_DIR; };
		B16110081D4F88B000E171B6 /* AppDelegate.swift */ = {isa = PBXFileReference; lastKnownFileType = sourcecode.swift; path = AppDelegate.swift; sourceTree = "<group>"; };
		B161100D1D4F88B000E171B6 /* Base */ = {isa = PBXFileReference; lastKnownFileType = file.storyboard; name = Base; path = Base.lproj/Main.storyboard; sourceTree = "<group>"; };
		B161100F1D4F88B000E171B6 /* Assets.xcassets */ = {isa = PBXFileReference; lastKnownFileType = folder.assetcatalog; path = Assets.xcassets; sourceTree = "<group>"; };
		B16110121D4F88B000E171B6 /* Base */ = {isa = PBXFileReference; lastKnownFileType = file.storyboard; name = Base; path = Base.lproj/LaunchScreen.storyboard; sourceTree = "<group>"; };
		B16110141D4F88B000E171B6 /* Info.plist */ = {isa = PBXFileReference; lastKnownFileType = text.plist.xml; path = Info.plist; sourceTree = "<group>"; };
		B161101C1D4F8B1E00E171B6 /* MapViewController.swift */ = {isa = PBXFileReference; fileEncoding = 4; lastKnownFileType = sourcecode.swift; path = MapViewController.swift; sourceTree = "<group>"; };
		B161101F1D4F8BEC00E171B6 /* UserDefaults.swift */ = {isa = PBXFileReference; fileEncoding = 4; lastKnownFileType = sourcecode.swift; path = UserDefaults.swift; sourceTree = "<group>"; };
		B16110211D4F8C6800E171B6 /* Beach.swift */ = {isa = PBXFileReference; fileEncoding = 4; lastKnownFileType = sourcecode.swift; path = Beach.swift; sourceTree = "<group>"; };
		B16110231D4F8E4C00E171B6 /* BauUtils.swift */ = {isa = PBXFileReference; fileEncoding = 4; lastKnownFileType = sourcecode.swift; path = BauUtils.swift; sourceTree = "<group>"; };
		B16110251D4F8EE000E171B6 /* NetworkHelper.swift */ = {isa = PBXFileReference; fileEncoding = 4; lastKnownFileType = sourcecode.swift; path = NetworkHelper.swift; sourceTree = "<group>"; };
		B16110261D4F8EE000E171B6 /* ImageCache.swift */ = {isa = PBXFileReference; fileEncoding = 4; lastKnownFileType = sourcecode.swift; path = ImageCache.swift; sourceTree = "<group>"; };
		B161102B1D4F8FA500E171B6 /* playas-gran-canaria.json */ = {isa = PBXFileReference; fileEncoding = 4; lastKnownFileType = text.json; path = "playas-gran-canaria.json"; sourceTree = "<group>"; };
		B161102D1D4F8FCB00E171B6 /* BeachesNetwork.swift */ = {isa = PBXFileReference; fileEncoding = 4; lastKnownFileType = sourcecode.swift; path = BeachesNetwork.swift; sourceTree = "<group>"; };
		B161102F1D4F91C900E171B6 /* CustomAlert.swift */ = {isa = PBXFileReference; fileEncoding = 4; lastKnownFileType = sourcecode.swift; path = CustomAlert.swift; sourceTree = "<group>"; };
		B1B8E7AF1D524F11003C779A /* StreetMap.swift */ = {isa = PBXFileReference; fileEncoding = 4; lastKnownFileType = sourcecode.swift; path = StreetMap.swift; sourceTree = "<group>"; };
		B1B8E7B11D525007003C779A /* DetailViewController.swift */ = {isa = PBXFileReference; fileEncoding = 4; lastKnownFileType = sourcecode.swift; path = DetailViewController.swift; sourceTree = "<group>"; };
/* End PBXFileReference section */

/* Begin PBXFrameworksBuildPhase section */
		B16110021D4F88B000E171B6 /* Frameworks */ = {
			isa = PBXFrameworksBuildPhase;
			buildActionMask = 2147483647;
			files = (
			);
			runOnlyForDeploymentPostprocessing = 0;
		};
/* End PBXFrameworksBuildPhase section */

/* Begin PBXGroup section */
		B1610FFC1D4F88B000E171B6 = {
			isa = PBXGroup;
			children = (
				B16110071D4F88B000E171B6 /* Playas */,
				B16110061D4F88B000E171B6 /* Products */,
			);
			sourceTree = "<group>";
		};
		B16110061D4F88B000E171B6 /* Products */ = {
			isa = PBXGroup;
			children = (
				B16110051D4F88B000E171B6 /* Playas.app */,
			);
			name = Products;
			sourceTree = "<group>";
		};
		B16110071D4F88B000E171B6 /* Playas */ = {
			isa = PBXGroup;
			children = (
				B161102A1D4F8F5900E171B6 /* Assets */,
				B161101B1D4F8A0F00E171B6 /* Model */,
				B16110291D4F8F2900E171B6 /* View */,
				B161101A1D4F8A0900E171B6 /* Controllers */,
				B16110081D4F88B000E171B6 /* AppDelegate.swift */,
				B161100C1D4F88B000E171B6 /* Main.storyboard */,
				B161100F1D4F88B000E171B6 /* Assets.xcassets */,
				B16110111D4F88B000E171B6 /* LaunchScreen.storyboard */,
				B16110141D4F88B000E171B6 /* Info.plist */,
				B16110231D4F8E4C00E171B6 /* BauUtils.swift */,
			);
			path = Playas;
			sourceTree = "<group>";
		};
		B161101A1D4F8A0900E171B6 /* Controllers */ = {
			isa = PBXGroup;
			children = (
				B161101C1D4F8B1E00E171B6 /* MapViewController.swift */,
				B1B8E7B11D525007003C779A /* DetailViewController.swift */,
			);
			name = Controllers;
			sourceTree = "<group>";
		};
		B161101B1D4F8A0F00E171B6 /* Model */ = {
			isa = PBXGroup;
			children = (
				B16110251D4F8EE000E171B6 /* NetworkHelper.swift */,
				B16110261D4F8EE000E171B6 /* ImageCache.swift */,
				B161101E1D4F8BDC00E171B6 /* UserDefaults */,
				B16110211D4F8C6800E171B6 /* Beach.swift */,
				B161102D1D4F8FCB00E171B6 /* BeachesNetwork.swift */,
				B1B8E7AF1D524F11003C779A /* StreetMap.swift */,
			);
			name = Model;
			sourceTree = "<group>";
		};
		B161101E1D4F8BDC00E171B6 /* UserDefaults */ = {
			isa = PBXGroup;
			children = (
				B161101F1D4F8BEC00E171B6 /* UserDefaults.swift */,
			);
			name = UserDefaults;
			sourceTree = "<group>";
		};
		B16110291D4F8F2900E171B6 /* View */ = {
			isa = PBXGroup;
			children = (
				B161102F1D4F91C900E171B6 /* CustomAlert.swift */,
			);
			name = View;
			sourceTree = "<group>";
		};
		B161102A1D4F8F5900E171B6 /* Assets */ = {
			isa = PBXGroup;
			children = (
				B161102B1D4F8FA500E171B6 /* playas-gran-canaria.json */,
			);
			name = Assets;
			sourceTree = "<group>";
		};
/* End PBXGroup section */

/* Begin PBXNativeTarget section */
		B16110041D4F88B000E171B6 /* Playas */ = {
			isa = PBXNativeTarget;
			buildConfigurationList = B16110171D4F88B000E171B6 /* Build configuration list for PBXNativeTarget "Playas" */;
			buildPhases = (
				B16110011D4F88B000E171B6 /* Sources */,
				B16110021D4F88B000E171B6 /* Frameworks */,
				B16110031D4F88B000E171B6 /* Resources */,
			);
			buildRules = (
			);
			dependencies = (
			);
			name = Playas;
			productName = Playas;
			productReference = B16110051D4F88B000E171B6 /* Playas.app */;
			productType = "com.apple.product-type.application";
		};
/* End PBXNativeTarget section */

/* Begin PBXProject section */
		B1610FFD1D4F88B000E171B6 /* Project object */ = {
			isa = PBXProject;
			attributes = {
				LastSwiftUpdateCheck = 0730;
				LastUpgradeCheck = 0730;
				ORGANIZATIONNAME = "Antonio Sejas";
				TargetAttributes = {
					B16110041D4F88B000E171B6 = {
						CreatedOnToolsVersion = 7.3.1;
					};
				};
			};
			buildConfigurationList = B16110001D4F88B000E171B6 /* Build configuration list for PBXProject "Playas" */;
			compatibilityVersion = "Xcode 3.2";
			developmentRegion = English;
			hasScannedForEncodings = 0;
			knownRegions = (
				en,
				Base,
			);
			mainGroup = B1610FFC1D4F88B000E171B6;
			productRefGroup = B16110061D4F88B000E171B6 /* Products */;
			projectDirPath = "";
			projectRoot = "";
			targets = (
				B16110041D4F88B000E171B6 /* Playas */,
			);
		};
/* End PBXProject section */

/* Begin PBXResourcesBuildPhase section */
		B16110031D4F88B000E171B6 /* Resources */ = {
			isa = PBXResourcesBuildPhase;
			buildActionMask = 2147483647;
			files = (
				B16110131D4F88B000E171B6 /* LaunchScreen.storyboard in Resources */,
				B16110101D4F88B000E171B6 /* Assets.xcassets in Resources */,
				B161100E1D4F88B000E171B6 /* Main.storyboard in Resources */,
				B161102C1D4F8FA500E171B6 /* playas-gran-canaria.json in Resources */,
			);
			runOnlyForDeploymentPostprocessing = 0;
		};
/* End PBXResourcesBuildPhase section */

/* Begin PBXSourcesBuildPhase section */
		B16110011D4F88B000E171B6 /* Sources */ = {
			isa = PBXSourcesBuildPhase;
			buildActionMask = 2147483647;
			files = (
				B1B8E7B21D525007003C779A /* DetailViewController.swift in Sources */,
				B16110091D4F88B000E171B6 /* AppDelegate.swift in Sources */,
				B1B8E7B01D524F11003C779A /* StreetMap.swift in Sources */,
				B161101D1D4F8B1E00E171B6 /* MapViewController.swift in Sources */,
				B16110201D4F8BEC00E171B6 /* UserDefaults.swift in Sources */,
				B16110301D4F91C900E171B6 /* CustomAlert.swift in Sources */,
				B16110221D4F8C6800E171B6 /* Beach.swift in Sources */,
				B161102E1D4F8FCB00E171B6 /* BeachesNetwork.swift in Sources */,
				B16110271D4F8EE000E171B6 /* NetworkHelper.swift in Sources */,
				B16110281D4F8EE000E171B6 /* ImageCache.swift in Sources */,
				B16110241D4F8E4C00E171B6 /* BauUtils.swift in Sources */,
			);
			runOnlyForDeploymentPostprocessing = 0;
		};
/* End PBXSourcesBuildPhase section */

/* Begin PBXVariantGroup section */
		B161100C1D4F88B000E171B6 /* Main.storyboard */ = {
			isa = PBXVariantGroup;
			children = (
				B161100D1D4F88B000E171B6 /* Base */,
			);
			name = Main.storyboard;
			sourceTree = "<group>";
		};
		B16110111D4F88B000E171B6 /* LaunchScreen.storyboard */ = {
			isa = PBXVariantGroup;
			children = (
				B16110121D4F88B000E171B6 /* Base */,
			);
			name = LaunchScreen.storyboard;
			sourceTree = "<group>";
		};
/* End PBXVariantGroup section */

/* Begin XCBuildConfiguration section */
		B16110151D4F88B000E171B6 /* Debug */ = {
			isa = XCBuildConfiguration;
			buildSettings = {
				ALWAYS_SEARCH_USER_PATHS = NO;
				CLANG_ANALYZER_NONNULL = YES;
				CLANG_CXX_LANGUAGE_STANDARD = "gnu++0x";
				CLANG_CXX_LIBRARY = "libc++";
				CLANG_ENABLE_MODULES = YES;
				CLANG_ENABLE_OBJC_ARC = YES;
				CLANG_WARN_BOOL_CONVERSION = YES;
				CLANG_WARN_CONSTANT_CONVERSION = YES;
				CLANG_WARN_DIRECT_OBJC_ISA_USAGE = YES_ERROR;
				CLANG_WARN_EMPTY_BODY = YES;
				CLANG_WARN_ENUM_CONVERSION = YES;
				CLANG_WARN_INT_CONVERSION = YES;
				CLANG_WARN_OBJC_ROOT_CLASS = YES_ERROR;
				CLANG_WARN_UNREACHABLE_CODE = YES;
				CLANG_WARN__DUPLICATE_METHOD_MATCH = YES;
				"CODE_SIGN_IDENTITY[sdk=iphoneos*]" = "iPhone Developer";
				COPY_PHASE_STRIP = NO;
				DEBUG_INFORMATION_FORMAT = dwarf;
				ENABLE_STRICT_OBJC_MSGSEND = YES;
				ENABLE_TESTABILITY = YES;
				GCC_C_LANGUAGE_STANDARD = gnu99;
				GCC_DYNAMIC_NO_PIC = NO;
				GCC_NO_COMMON_BLOCKS = YES;
				GCC_OPTIMIZATION_LEVEL = 0;
				GCC_PREPROCESSOR_DEFINITIONS = (
					"DEBUG=1",
					"$(inherited)",
				);
				GCC_WARN_64_TO_32_BIT_CONVERSION = YES;
				GCC_WARN_ABOUT_RETURN_TYPE = YES_ERROR;
				GCC_WARN_UNDECLARED_SELECTOR = YES;
				GCC_WARN_UNINITIALIZED_AUTOS = YES_AGGRESSIVE;
				GCC_WARN_UNUSED_FUNCTION = YES;
				GCC_WARN_UNUSED_VARIABLE = YES;
				IPHONEOS_DEPLOYMENT_TARGET = 9.3;
				MTL_ENABLE_DEBUG_INFO = YES;
				ONLY_ACTIVE_ARCH = YES;
				SDKROOT = iphoneos;
				SWIFT_OPTIMIZATION_LEVEL = "-Onone";
				TARGETED_DEVICE_FAMILY = "1,2";
			};
			name = Debug;
		};
		B16110161D4F88B000E171B6 /* Release */ = {
			isa = XCBuildConfiguration;
			buildSettings = {
				ALWAYS_SEARCH_USER_PATHS = NO;
				CLANG_ANALYZER_NONNULL = YES;
				CLANG_CXX_LANGUAGE_STANDARD = "gnu++0x";
				CLANG_CXX_LIBRARY = "libc++";
				CLANG_ENABLE_MODULES = YES;
				CLANG_ENABLE_OBJC_ARC = YES;
				CLANG_WARN_BOOL_CONVERSION = YES;
				CLANG_WARN_CONSTANT_CONVERSION = YES;
				CLANG_WARN_DIRECT_OBJC_ISA_USAGE = YES_ERROR;
				CLANG_WARN_EMPTY_BODY = YES;
				CLANG_WARN_ENUM_CONVERSION = YES;
				CLANG_WARN_INT_CONVERSION = YES;
				CLANG_WARN_OBJC_ROOT_CLASS = YES_ERROR;
				CLANG_WARN_UNREACHABLE_CODE = YES;
				CLANG_WARN__DUPLICATE_METHOD_MATCH = YES;
				"CODE_SIGN_IDENTITY[sdk=iphoneos*]" = "iPhone Developer";
				COPY_PHASE_STRIP = NO;
				DEBUG_INFORMATION_FORMAT = "dwarf-with-dsym";
				ENABLE_NS_ASSERTIONS = NO;
				ENABLE_STRICT_OBJC_MSGSEND = YES;
				GCC_C_LANGUAGE_STANDARD = gnu99;
				GCC_NO_COMMON_BLOCKS = YES;
				GCC_WARN_64_TO_32_BIT_CONVERSION = YES;
				GCC_WARN_ABOUT_RETURN_TYPE = YES_ERROR;
				GCC_WARN_UNDECLARED_SELECTOR = YES;
				GCC_WARN_UNINITIALIZED_AUTOS = YES_AGGRESSIVE;
				GCC_WARN_UNUSED_FUNCTION = YES;
				GCC_WARN_UNUSED_VARIABLE = YES;
				IPHONEOS_DEPLOYMENT_TARGET = 9.3;
				MTL_ENABLE_DEBUG_INFO = NO;
				SDKROOT = iphoneos;
				TARGETED_DEVICE_FAMILY = "1,2";
				VALIDATE_PRODUCT = YES;
			};
			name = Release;
		};
		B16110181D4F88B000E171B6 /* Debug */ = {
			isa = XCBuildConfiguration;
			buildSettings = {
				ASSETCATALOG_COMPILER_APPICON_NAME = AppIcon;
				INFOPLIST_FILE = Playas/Info.plist;
				LD_RUNPATH_SEARCH_PATHS = "$(inherited) @executable_path/Frameworks";
				PRODUCT_BUNDLE_IDENTIFIER = com.baulen.canarias.Playas;
				PRODUCT_NAME = "$(TARGET_NAME)";
			};
			name = Debug;
		};
		B16110191D4F88B000E171B6 /* Release */ = {
			isa = XCBuildConfiguration;
			buildSettings = {
				ASSETCATALOG_COMPILER_APPICON_NAME = AppIcon;
				INFOPLIST_FILE = Playas/Info.plist;
				LD_RUNPATH_SEARCH_PATHS = "$(inherited) @executable_path/Frameworks";
				PRODUCT_BUNDLE_IDENTIFIER = com.baulen.canarias.Playas;
				PRODUCT_NAME = "$(TARGET_NAME)";
			};
			name = Release;
		};
/* End XCBuildConfiguration section */

/* Begin XCConfigurationList section */
		B16110001D4F88B000E171B6 /* Build configuration list for PBXProject "Playas" */ = {
			isa = XCConfigurationList;
			buildConfigurations = (
				B16110151D4F88B000E171B6 /* Debug */,
				B16110161D4F88B000E171B6 /* Release */,
			);
			defaultConfigurationIsVisible = 0;
			defaultConfigurationName = Release;
		};
		B16110171D4F88B000E171B6 /* Build configuration list for PBXNativeTarget "Playas" */ = {
			isa = XCConfigurationList;
			buildConfigurations = (
				B16110181D4F88B000E171B6 /* Debug */,
				B16110191D4F88B000E171B6 /* Release */,
			);
			defaultConfigurationIsVisible = 0;
			defaultConfigurationName = Release;
		};
/* End XCConfigurationList section */
	};
	rootObject = B1610FFD1D4F88B000E171B6 /* Project object */;
}
